schema: '2.0'
stages:
  prepare:
    cmd: python src/prepare.py
    deps:
    - path: data/training.1600000.processed.noemoticon.csv
      md5: df952449d6f9b5f9fdfe3fc53ddef7ca
      size: 238803811
    outs:
    - path: data/X_test.csv
      md5: 05268f0c0adf601f4fa1a4f6e09a3de3
      size: 2815746
    - path: data/X_train.csv
      md5: 3f32fddfae1e244ea9b92948fb09c733
      size: 14152098
    - path: data/y_test.csv
      md5: 140430535b6d02e41d7e6dd9c204d982
      size: 148901
    - path: data/y_train.csv
      md5: 6bdd5546354aa77a55d03a167fe42f1c
      size: 788901
  raw_to_txt:
    cmd: python src/raw_to_txt.py
    deps:
    - path: data/X_test.csv
      md5: 05268f0c0adf601f4fa1a4f6e09a3de3
      size: 2815746
    - path: data/X_train.csv
      md5: 3f32fddfae1e244ea9b92948fb09c733
      size: 14152098
    - path: data/y_test.csv
      md5: 140430535b6d02e41d7e6dd9c204d982
      size: 148901
    - path: data/y_train.csv
      md5: 6bdd5546354aa77a55d03a167fe42f1c
      size: 788901
    - path: params.yaml
      md5: 13eff7319564b2c1952ebfbf1f39aaff
      size: 558
  keras_embedding:
    cmd: python src/keras_embedding.py --action nature
    outs:
    - path: confusion_matrices/Confusion_matrix_embeddings_nature.jpg
      md5: 347924ddd1a47ce77a6990ab57b4fd93
      size: 24258
    - path: logs_nature_dvc_plots/auc.json
      md5: 144b7fc4f21e66a78e50d26166eeb61e
      size: 862
    - path: logs_nature_dvc_plots/binary_accuracy.json
      md5: 52f9c35a177d5a2f8f18d68c65b11370
      size: 1163
    - path: logs_nature_dvc_plots/cost_metric.json
      md5: 322131384fbf71d79be11fb18ab27ec0
      size: 1095
    - path: logs_nature_dvc_plots/loss.json
      md5: bee2ce2f6fdc61f86bc7ef55bdcc0ff6
      size: 887
    - path: logs_nature_dvc_plots/precision.json
      md5: df4bba7553144564d62d5fa8318fee79
      size: 1013
    - path: logs_nature_dvc_plots/precision_at_recall.json
      md5: e1faa7f1c0908ff6c8feec18da61f727
      size: 1262
    - path: logs_nature_dvc_plots/recall.json
      md5: d88db296faa5c4e4f6cd8e199ddfd760
      size: 938
    - path: logs_nature_dvc_plots/sensitivity_at_specificity.json
      md5: 9d931970c21cfc15dc3366ab8694eea5
      size: 1440
    - path: logs_nature_dvc_plots/specificity_at_sensitivity.json
      md5: 273b0f8bb3207e14943370f47126764b
      size: 1439
    - path: logs_nature_dvc_plots/val_auc.json
      md5: 324475adffa15b6c8be1e131d5bf9801
      size: 961
    - path: logs_nature_dvc_plots/val_binary_accuracy.json
      md5: 37c5020b1bb4cc36fa77d98c574921bc
      size: 1264
    - path: logs_nature_dvc_plots/val_cost_metric.json
      md5: 34d54d4724861e5835faeebdb8eae8aa
      size: 1213
    - path: logs_nature_dvc_plots/val_loss.json
      md5: aadd52d76cf72de4e179381d9c850f2c
      size: 988
    - path: logs_nature_dvc_plots/val_precision.json
      md5: d7dd826b119446f04739ac5fc1fd701a
      size: 1112
    - path: logs_nature_dvc_plots/val_precision_at_recall.json
      md5: 7b6b07cd3ab0343c9e0fad01888948e8
      size: 1364
    - path: logs_nature_dvc_plots/val_recall.json
      md5: d9932863f9efd34d89be7ab2ff12cc92
      size: 1038
    - path: logs_nature_dvc_plots/val_sensitivity_at_specificity.json
      md5: d6d7dd5a752c74d7cfe87605afb5ca0f
      size: 1536
    - path: logs_nature_dvc_plots/val_specificity_at_sensitivity.json
      md5: e7ce8395d407dafe5684815fc4432d5c
      size: 1537
    - path: metrics/embedding/embedding_metrics_nature.json
      md5: 2ca9e71e0d7657af7dc18b9f2f10b31d
      size: 266
  keras_embedding_lemm:
    cmd: python src/keras_embedding.py --action lemm
    outs:
    - path: confusion_matrices/Confusion_matrix_embeddings_lemm.jpg
      md5: d145ae8b75bbd6cc699a9283292f9ec1
      size: 25774
    - path: logs_lemm_dvc_plots/auc.json
      md5: b26c77ef9511ae733c1b906477e0e5b7
      size: 863
    - path: logs_lemm_dvc_plots/binary_accuracy.json
      md5: 5f005cfd3be74d7873bef25f92982101
      size: 1164
    - path: logs_lemm_dvc_plots/cost_metric.json
      md5: d8bceb019d32fb32ee647606a4c335b7
      size: 1094
    - path: logs_lemm_dvc_plots/loss.json
      md5: 3d7aa2ac078a50ee607191cbd1fc0be1
      size: 890
    - path: logs_lemm_dvc_plots/precision.json
      md5: 13d30c941518ef0dbda1d80585061f60
      size: 1013
    - path: logs_lemm_dvc_plots/precision_at_recall.json
      md5: 270243f25d3b15da327b138e4f7fa280
      size: 1261
    - path: logs_lemm_dvc_plots/recall.json
      md5: f1e4e50bc7bcb5042ff6bbbfc74803aa
      size: 934
    - path: logs_lemm_dvc_plots/sensitivity_at_specificity.json
      md5: e2aed87dce368e8c5d8e6bb272d36f43
      size: 1438
    - path: logs_lemm_dvc_plots/specificity_at_sensitivity.json
      md5: fbfddde8fb6182f2333a60ed416d553c
      size: 1439
    - path: logs_lemm_dvc_plots/val_auc.json
      md5: 2a43b69fb87ca9f7db69c0e37a0c54d1
      size: 963
    - path: logs_lemm_dvc_plots/val_binary_accuracy.json
      md5: 562ce8e65f1c111df5dd53a1f4a97adc
      size: 1265
    - path: logs_lemm_dvc_plots/val_cost_metric.json
      md5: b134b7fe6e32f82ee7bca75604a0772a
      size: 1209
    - path: logs_lemm_dvc_plots/val_loss.json
      md5: a5cd2af252d70305db774abe1b5dae09
      size: 984
    - path: logs_lemm_dvc_plots/val_precision.json
      md5: a9c033e526c26cf612fc141574a1145f
      size: 1111
    - path: logs_lemm_dvc_plots/val_precision_at_recall.json
      md5: 06af19e68d7ec51a9c27f3f8b3f44d17
      size: 1360
    - path: logs_lemm_dvc_plots/val_recall.json
      md5: 0d253737a70e0155b8f7c111c9e16ae1
      size: 1039
    - path: logs_lemm_dvc_plots/val_sensitivity_at_specificity.json
      md5: a4940ae5b497619161d154a57837a3c3
      size: 1539
    - path: logs_lemm_dvc_plots/val_specificity_at_sensitivity.json
      md5: eb18cea4317c09800f8ead7962586202
      size: 1539
    - path: metrics/embedding/embedding_metrics_lemm.json
      md5: a3d6f5cbaaf61158bd454370c1664c71
      size: 265
  keras_embedding_stem:
    cmd: python src/keras_embedding.py --action stem
    outs:
    - path: confusion_matrices/Confusion_matrix_embeddings_stem.jpg
      md5: 81f0a897a7d735b458ea02c249282356
      size: 26508
    - path: logs_stem_dvc_plots/auc.json
      md5: 4f65db4c26021110b5dcb64696bcf883
      size: 864
    - path: logs_stem_dvc_plots/binary_accuracy.json
      md5: 1aee5823545e84ea35f82b3230855405
      size: 1162
    - path: logs_stem_dvc_plots/cost_metric.json
      md5: 8112ed295b73ab6e0735dd874f8b81ed
      size: 1093
    - path: logs_stem_dvc_plots/loss.json
      md5: 47245cf97a3f1b612ee93e4f3b982794
      size: 890
    - path: logs_stem_dvc_plots/precision.json
      md5: 1d770e3d474dfde323f501dfea0cb733
      size: 1014
    - path: logs_stem_dvc_plots/precision_at_recall.json
      md5: fe96e9807a2ced118c6b7773595463e9
      size: 1261
    - path: logs_stem_dvc_plots/recall.json
      md5: ba8752e875b5ab19c2d59c081df8a38a
      size: 939
    - path: logs_stem_dvc_plots/sensitivity_at_specificity.json
      md5: de1c312216c32ddfed437a31b9c67491
      size: 1439
    - path: logs_stem_dvc_plots/specificity_at_sensitivity.json
      md5: a0527678ea8413e8788620a8761460e1
      size: 1439
    - path: logs_stem_dvc_plots/val_auc.json
      md5: 35c84e093582d51f49337f6c30732ed4
      size: 963
    - path: logs_stem_dvc_plots/val_binary_accuracy.json
      md5: 348e3f6d9b409ffef559c0abe2fb097e
      size: 1265
    - path: logs_stem_dvc_plots/val_cost_metric.json
      md5: cb0a4730c56a7ae61a873370ec79cfce
      size: 1213
    - path: logs_stem_dvc_plots/val_loss.json
      md5: 610df9d16f05b4ed5dd41388bc0ad66c
      size: 987
    - path: logs_stem_dvc_plots/val_precision.json
      md5: fe9dc24f4ceb63d355107db22a7d3b56
      size: 1112
    - path: logs_stem_dvc_plots/val_precision_at_recall.json
      md5: e5f149df1bbc31dfa888feaccbf0e308
      size: 1361
    - path: logs_stem_dvc_plots/val_recall.json
      md5: bd3eced2face320a0515453b5e3a404d
      size: 1037
    - path: logs_stem_dvc_plots/val_sensitivity_at_specificity.json
      md5: f9188b95d4e012708f58553d2535386c
      size: 1538
    - path: logs_stem_dvc_plots/val_specificity_at_sensitivity.json
      md5: bc54c15af9159db6467fd94bfcd01b88
      size: 1538
    - path: metrics/embedding/embedding_metrics_stem.json
      md5: 6a14d8ee3cc30a3edf22ec25a7ec06f0
      size: 266
  keras_w2v:
    cmd: python src/keras_word2vec.py --action nature
    outs:
    - path: metrics/w2v/w2v_metrics_nature.json
      md5: a053bb9ddcb1867051022f7cf02f6b4f
      size: 183
    - path: w2v_logs_nature_dvc_plots/auc.json
      md5: 3eb4180e83ad33c90982dbbd20d80710
      size: 102
    - path: w2v_logs_nature_dvc_plots/binary_accuracy.json
      md5: a0e93854feceacf04ea1f1f369d52b2a
      size: 138
    - path: w2v_logs_nature_dvc_plots/cost_metric.json
      md5: df72f5626434560441bf6000b8efbd25
      size: 134
    - path: w2v_logs_nature_dvc_plots/loss.json
      md5: ac722a3205f453eb4a8f2874ee742384
      size: 104
    - path: w2v_logs_nature_dvc_plots/precision.json
      md5: 55b119b99439fd38083c0ec603352399
      size: 119
    - path: w2v_logs_nature_dvc_plots/precision_at_recall.json
      md5: 4d27649f4ebf5347cf0af98af99b8575
      size: 150
    - path: w2v_logs_nature_dvc_plots/recall.json
      md5: 30f1fa4246a1efb885e2aa71e577340f
      size: 111
    - path: w2v_logs_nature_dvc_plots/sensitivity_at_specificity.json
      md5: 7977c28ba470ce4897ca3be48112ab14
      size: 171
    - path: w2v_logs_nature_dvc_plots/specificity_at_sensitivity.json
      md5: b7c85c4c8235542050c6009f370079c0
      size: 171
    - path: w2v_logs_nature_dvc_plots/val_auc.json
      md5: e52837a870796ea46de6e99a0bead720
      size: 114
    - path: w2v_logs_nature_dvc_plots/val_binary_accuracy.json
      md5: 920a53c04148bb731a0de2d86bf3b22d
      size: 150
    - path: w2v_logs_nature_dvc_plots/val_cost_metric.json
      md5: 8d4a7fb4bdc222cd345bbb60470dfd05
      size: 147
    - path: w2v_logs_nature_dvc_plots/val_loss.json
      md5: 30fcad32d683ffc15194e1ddc27ceddb
      size: 117
    - path: w2v_logs_nature_dvc_plots/val_precision.json
      md5: 33cd9bd0fb49c1240a6fd2c51f4ae62e
      size: 132
    - path: w2v_logs_nature_dvc_plots/val_precision_at_recall.json
      md5: 0d5ab31890c3457aeaf7e94321e21b7e
      size: 162
    - path: w2v_logs_nature_dvc_plots/val_recall.json
      md5: 81f81031b8e83d45f96c3c508897457f
      size: 123
    - path: w2v_logs_nature_dvc_plots/val_sensitivity_at_specificity.json
      md5: 7acdd18be1b03708e75a81e6a68ef9cb
      size: 182
    - path: w2v_logs_nature_dvc_plots/val_specificity_at_sensitivity.json
      md5: 19db3fda059639227716177f380e42ba
      size: 182
  keras_w2v_lemm:
    cmd: python src/keras_word2vec.py --action lemm
    outs:
    - path: metrics/w2v/w2v_metrics_lemm.json
      md5: a053bb9ddcb1867051022f7cf02f6b4f
      size: 183
    - path: w2v_logs_lemm_dvc_plots/auc.json
      md5: 380dbc45d2f1dedb0bb53a5fad483c43
      size: 102
    - path: w2v_logs_lemm_dvc_plots/binary_accuracy.json
      md5: 0644e8a5865ab2f54b621b5550e56dfc
      size: 138
    - path: w2v_logs_lemm_dvc_plots/cost_metric.json
      md5: 7980661da8143b43e1e1b1b24a71f0f7
      size: 134
    - path: w2v_logs_lemm_dvc_plots/loss.json
      md5: 2ad96f74c45ce9717995b45412bf21b7
      size: 105
    - path: w2v_logs_lemm_dvc_plots/precision.json
      md5: 8c33f7d836bf5ec351cf994112550667
      size: 120
    - path: w2v_logs_lemm_dvc_plots/precision_at_recall.json
      md5: 793491dda1d66bf72fa486854cbd533d
      size: 150
    - path: w2v_logs_lemm_dvc_plots/recall.json
      md5: 66cd28fc36cb81ed128edb138b7ddf1a
      size: 111
    - path: w2v_logs_lemm_dvc_plots/sensitivity_at_specificity.json
      md5: df76d1bc483528e939ceacd720aabbc2
      size: 171
    - path: w2v_logs_lemm_dvc_plots/specificity_at_sensitivity.json
      md5: e20d4dd6006fb69e426b93f914eef48c
      size: 171
    - path: w2v_logs_lemm_dvc_plots/val_auc.json
      md5: 72846251266dfe50658b6c1093e3d7a4
      size: 114
    - path: w2v_logs_lemm_dvc_plots/val_binary_accuracy.json
      md5: 07127870933054decc8d0592b0b39642
      size: 150
    - path: w2v_logs_lemm_dvc_plots/val_cost_metric.json
      md5: 5e31650bca9a0e7236893d2d790a35fb
      size: 147
    - path: w2v_logs_lemm_dvc_plots/val_loss.json
      md5: c789bfc091b821775d3a79292403fc09
      size: 117
    - path: w2v_logs_lemm_dvc_plots/val_precision.json
      md5: defbd15d771b5cab80dc7131cec3a3a8
      size: 132
    - path: w2v_logs_lemm_dvc_plots/val_precision_at_recall.json
      md5: 9aa1efd3291934a72555ebab406cebdc
      size: 161
    - path: w2v_logs_lemm_dvc_plots/val_recall.json
      md5: 2d88f30744ff5d0bf8b32d3e70880bd3
      size: 123
    - path: w2v_logs_lemm_dvc_plots/val_sensitivity_at_specificity.json
      md5: 15bc815bdcd391f42b98baa2ddb730be
      size: 183
    - path: w2v_logs_lemm_dvc_plots/val_specificity_at_sensitivity.json
      md5: f3d0029022fc1c75dd86041992991d91
      size: 183
  keras_w2v_stem:
    cmd: python src/keras_word2vec.py --action stem
    outs:
    - path: metrics/w2v/w2v_metrics_stem.json
      md5: a053bb9ddcb1867051022f7cf02f6b4f
      size: 183
    - path: w2v_logs_stem_dvc_plots/auc.json
      md5: f9abcd944a6f7b874305b2fb4b0771ef
      size: 101
    - path: w2v_logs_stem_dvc_plots/binary_accuracy.json
      md5: aaee1f155981619a8e55d7f6cb7980a4
      size: 138
    - path: w2v_logs_stem_dvc_plots/cost_metric.json
      md5: 405a622d6e1bdf3d995571b2cdbde379
      size: 135
    - path: w2v_logs_stem_dvc_plots/loss.json
      md5: 908ca8692ff3c23a433b3e8a408c490b
      size: 105
    - path: w2v_logs_stem_dvc_plots/precision.json
      md5: 08da5a2431167b90ee6f6fd3dbf7de9c
      size: 120
    - path: w2v_logs_stem_dvc_plots/precision_at_recall.json
      md5: ddd4b5ba2bc909b7baba2a71545fc249
      size: 148
    - path: w2v_logs_stem_dvc_plots/recall.json
      md5: 455e013d54edfa57bd24953fda29a139
      size: 111
    - path: w2v_logs_stem_dvc_plots/sensitivity_at_specificity.json
      md5: b0edb2634e01bb986a7965b34273f12d
      size: 171
    - path: w2v_logs_stem_dvc_plots/specificity_at_sensitivity.json
      md5: 2539cb40b02a9a7acd0611c6932f2d89
      size: 171
    - path: w2v_logs_stem_dvc_plots/val_auc.json
      md5: b3dab9f7a8507b268f98ff861e73a58b
      size: 114
    - path: w2v_logs_stem_dvc_plots/val_binary_accuracy.json
      md5: 04143337ac1288303fcbd8f5bcc1798d
      size: 150
    - path: w2v_logs_stem_dvc_plots/val_cost_metric.json
      md5: 5f4676f6686f486d1f3d0caa2203bd10
      size: 147
    - path: w2v_logs_stem_dvc_plots/val_loss.json
      md5: 893ba0f6595076db809a26bd47822b9d
      size: 116
    - path: w2v_logs_stem_dvc_plots/val_precision.json
      md5: dd4ce11d705f8cfdb54c9145ab6f0d9c
      size: 132
    - path: w2v_logs_stem_dvc_plots/val_precision_at_recall.json
      md5: c8f4ad8fcbb64aff19bc1315e97504e9
      size: 162
    - path: w2v_logs_stem_dvc_plots/val_recall.json
      md5: d6fdfe5414d60220a16f17d97d89208d
      size: 123
    - path: w2v_logs_stem_dvc_plots/val_sensitivity_at_specificity.json
      md5: 3c03b0aa4f52db98e1cfd0e762565d0d
      size: 182
    - path: w2v_logs_stem_dvc_plots/val_specificity_at_sensitivity.json
      md5: 9c5f9e9c1d10e3a6fb7d62941a0edc07
      size: 182
  keras_w2v_lstm:
    cmd: python src/keras_w2v_lstm.py --action nature
    outs:
    - path: confusion_matrices/Confusion_matrix_w2v_lstm_nature.jpg
      md5: f0db129b58bf8cb8676ba3b4155012a9
      size: 25548
    - path: metrics/w2v_lstm/w2v_lstm_metrics_nature.json
      md5: a053bb9ddcb1867051022f7cf02f6b4f
      size: 183
    - path: w2v_lstm_logs_nature_dvc_plots/auc.json
      md5: b56a7b213ebc3296c0184b6f221fce53
      size: 863
    - path: w2v_lstm_logs_nature_dvc_plots/binary_accuracy.json
      md5: 82322dbe501415ed3ae09c3af83f60cf
      size: 1165
    - path: w2v_lstm_logs_nature_dvc_plots/cost_metric.json
      md5: 8b11bd97ceb3e31070ea02505ad0bce1
      size: 1108
    - path: w2v_lstm_logs_nature_dvc_plots/loss.json
      md5: ab3031369b79baa087d94892249111ce
      size: 887
    - path: w2v_lstm_logs_nature_dvc_plots/precision.json
      md5: 544e7e82beea02aaa7628eb011f95fd8
      size: 1015
    - path: w2v_lstm_logs_nature_dvc_plots/precision_at_recall.json
      md5: b789fe57273d6e0a0d2a37e559c75a30
      size: 1262
    - path: w2v_lstm_logs_nature_dvc_plots/recall.json
      md5: f09d6447c93790a4bd97fc14c6466d29
      size: 940
    - path: w2v_lstm_logs_nature_dvc_plots/sensitivity_at_specificity.json
      md5: 36515cbfb70373161f460d414ab42904
      size: 1437
    - path: w2v_lstm_logs_nature_dvc_plots/specificity_at_sensitivity.json
      md5: bee600913d3ec70c425f5713721f31c6
      size: 1437
    - path: w2v_lstm_logs_nature_dvc_plots/val_auc.json
      md5: bfc9cf6fb0d50421e35391fa04935cae
      size: 964
    - path: w2v_lstm_logs_nature_dvc_plots/val_binary_accuracy.json
      md5: 8656a1733aab2d4b642b8292c9cbe4c2
      size: 1264
    - path: w2v_lstm_logs_nature_dvc_plots/val_cost_metric.json
      md5: dcbd870ce9826fd986fcf5f63ed369d3
      size: 1212
    - path: w2v_lstm_logs_nature_dvc_plots/val_loss.json
      md5: 81b2b545ebad4c0a08fa70a77a4a7e58
      size: 990
    - path: w2v_lstm_logs_nature_dvc_plots/val_precision.json
      md5: f8fff77f358ac9dc2fa5d48cc7fb4a33
      size: 1114
    - path: w2v_lstm_logs_nature_dvc_plots/val_precision_at_recall.json
      md5: 5fe5187995af24b68a2cc7a801157260
      size: 1364
    - path: w2v_lstm_logs_nature_dvc_plots/val_recall.json
      md5: d0c9dc3225e9bda2e1f904ce1ec5ff09
      size: 1039
    - path: w2v_lstm_logs_nature_dvc_plots/val_sensitivity_at_specificity.json
      md5: f7162a10318490c809f13caea2ac68b7
      size: 1538
    - path: w2v_lstm_logs_nature_dvc_plots/val_specificity_at_sensitivity.json
      md5: 4bab58ce54ea4bc479d3298cf40a3114
      size: 1538
  keras_w2v_lstm_lemm:
    cmd: python src/keras_w2v_lstm.py --action lemm
    outs:
    - path: confusion_matrices/Confusion_matrix_w2v_lstm_lemm.jpg
      md5: 93c8090fe9d9ed7b30522c60f2f38394
      size: 25608
    - path: metrics/w2v_lstm/w2v_lstm_metrics_lemm.json
      md5: a053bb9ddcb1867051022f7cf02f6b4f
      size: 183
    - path: w2v_lstm_logs_lemm_dvc_plots/auc.json
      md5: 9854c01493b8c8513e09d9588712b2ef
      size: 862
    - path: w2v_lstm_logs_lemm_dvc_plots/binary_accuracy.json
      md5: e671e45c9622a15ad28c10efbee76ac6
      size: 1161
    - path: w2v_lstm_logs_lemm_dvc_plots/cost_metric.json
      md5: 4bd7c077bd3910db1e757d8119c91572
      size: 1112
    - path: w2v_lstm_logs_lemm_dvc_plots/loss.json
      md5: 52bcbc578d4c5a5b649b7f067372960f
      size: 890
    - path: w2v_lstm_logs_lemm_dvc_plots/precision.json
      md5: cc46a5e7d9683c1815630d1355a1ceb0
      size: 1012
    - path: w2v_lstm_logs_lemm_dvc_plots/precision_at_recall.json
      md5: fe77b56e045c4deac65b96b9431b8af8
      size: 1263
    - path: w2v_lstm_logs_lemm_dvc_plots/recall.json
      md5: f2a45305e3397a6831d23ac8f3554025
      size: 937
    - path: w2v_lstm_logs_lemm_dvc_plots/sensitivity_at_specificity.json
      md5: 9b84b5938d272346ea8211f0583c3d2c
      size: 1436
    - path: w2v_lstm_logs_lemm_dvc_plots/specificity_at_sensitivity.json
      md5: 57e81fd5d76f390fd4e8ccccfaa77874
      size: 1436
    - path: w2v_lstm_logs_lemm_dvc_plots/val_auc.json
      md5: 2b6822dda39fc4d3bc89af6183931d14
      size: 962
    - path: w2v_lstm_logs_lemm_dvc_plots/val_binary_accuracy.json
      md5: dd353b38457e808136664749c79adc12
      size: 1264
    - path: w2v_lstm_logs_lemm_dvc_plots/val_cost_metric.json
      md5: f6032b46ae3724d9a065dc7473d3db49
      size: 1208
    - path: w2v_lstm_logs_lemm_dvc_plots/val_loss.json
      md5: a84cf3fb6871674f79bcc3367126402f
      size: 987
    - path: w2v_lstm_logs_lemm_dvc_plots/val_precision.json
      md5: 359dc7b58a4f42577201e534cf5dc5f6
      size: 1114
    - path: w2v_lstm_logs_lemm_dvc_plots/val_precision_at_recall.json
      md5: 72fe3f529aff742edbf00aae9bccc67d
      size: 1363
    - path: w2v_lstm_logs_lemm_dvc_plots/val_recall.json
      md5: 7a508b40b07d4f184ef5419bd3a8a973
      size: 1039
    - path: w2v_lstm_logs_lemm_dvc_plots/val_sensitivity_at_specificity.json
      md5: 1e2a7f16c391170d05152d1643448669
      size: 1540
    - path: w2v_lstm_logs_lemm_dvc_plots/val_specificity_at_sensitivity.json
      md5: 5a1941e84b6c5396f743294d09c2e3ff
      size: 1540
  keras_w2v_lstm_stem:
    cmd: python src/keras_w2v_lstm.py --action stem
    outs:
    - path: confusion_matrices/Confusion_matrix_w2v_lstm_stem.jpg
      md5: 5994a96b11b98b636bc55b2836ce9e5e
      size: 24358
    - path: metrics/w2v_lstm/w2v_lstm_metrics_stem.json
      md5: a053bb9ddcb1867051022f7cf02f6b4f
      size: 183
    - path: w2v_lstm_logs_stem_dvc_plots/auc.json
      md5: 096c01fb0e4b60e2ef4b1f5c63018993
      size: 863
    - path: w2v_lstm_logs_stem_dvc_plots/binary_accuracy.json
      md5: 4b2707059e9c8fa1697dd9e6e279231e
      size: 1160
    - path: w2v_lstm_logs_stem_dvc_plots/cost_metric.json
      md5: c1f16af4abc3f23f342b8c8b575089fb
      size: 1110
    - path: w2v_lstm_logs_stem_dvc_plots/loss.json
      md5: f7903fc68e8cee9da2984eed7b05a858
      size: 889
    - path: w2v_lstm_logs_stem_dvc_plots/precision.json
      md5: a5f1191564d192f55ee669eaa6da5f3a
      size: 1010
    - path: w2v_lstm_logs_stem_dvc_plots/precision_at_recall.json
      md5: d70014d9dee10a38729551d8a70621c6
      size: 1262
    - path: w2v_lstm_logs_stem_dvc_plots/recall.json
      md5: 47772b4e65777bb9997b76d1d0436cb1
      size: 935
    - path: w2v_lstm_logs_stem_dvc_plots/sensitivity_at_specificity.json
      md5: f01232f019b33725f7144a18afe59e12
      size: 1434
    - path: w2v_lstm_logs_stem_dvc_plots/specificity_at_sensitivity.json
      md5: 21b844cf6966077e3fd551ea6d004126
      size: 1434
    - path: w2v_lstm_logs_stem_dvc_plots/val_auc.json
      md5: 2163e45b4c516f38670f52b5de0b279a
      size: 962
    - path: w2v_lstm_logs_stem_dvc_plots/val_binary_accuracy.json
      md5: 113603845ea3a76e1b3656f91f4daf4c
      size: 1260
    - path: w2v_lstm_logs_stem_dvc_plots/val_cost_metric.json
      md5: 48ef4d65d222bf8d8323eb5f27b2b3cd
      size: 1213
    - path: w2v_lstm_logs_stem_dvc_plots/val_loss.json
      md5: 0f403f096d416b88ee7b6e48b3557a5f
      size: 989
    - path: w2v_lstm_logs_stem_dvc_plots/val_precision.json
      md5: a18c6b8e28273d8df8e93b06b6040f3e
      size: 1110
    - path: w2v_lstm_logs_stem_dvc_plots/val_precision_at_recall.json
      md5: 45a083b64560a50f68f80217163511fe
      size: 1363
    - path: w2v_lstm_logs_stem_dvc_plots/val_recall.json
      md5: d51800325ce4ad0cedb7a2265d012913
      size: 1035
    - path: w2v_lstm_logs_stem_dvc_plots/val_sensitivity_at_specificity.json
      md5: 6b020ebddf4631855acc97be94b16d38
      size: 1537
    - path: w2v_lstm_logs_stem_dvc_plots/val_specificity_at_sensitivity.json
      md5: 38a5fd5f2557c2e8a5ca0db8a2ec0a73
      size: 1537
  keras_glove:
    cmd: python src/keras_glove.py --action nature
    outs:
    - path: glove_logs_nature_dvc_plots/auc.json
      md5: d6f647523d0f950e05d6a7c86edf65d2
      size: 861
    - path: glove_logs_nature_dvc_plots/binary_accuracy.json
      md5: a7c8ba0a73fb6c8953f3af207dcb6201
      size: 1163
    - path: glove_logs_nature_dvc_plots/cost_metric.json
      md5: 9ef52ddf8546cda343c4a0731f96fa29
      size: 1112
    - path: glove_logs_nature_dvc_plots/loss.json
      md5: a633d8d07c315e0a3145900bba8446d5
      size: 884
    - path: glove_logs_nature_dvc_plots/precision.json
      md5: 93d41328f245ee32cae72c84b1b765ef
      size: 1014
    - path: glove_logs_nature_dvc_plots/precision_at_recall.json
      md5: 3b640c5a368bdb75d95652a67753b49f
      size: 1262
    - path: glove_logs_nature_dvc_plots/recall.json
      md5: 3f5184a117fad71ff1c81eebd74f5c89
      size: 939
    - path: glove_logs_nature_dvc_plots/sensitivity_at_specificity.json
      md5: 607c12637188ef83e3273103985442f1
      size: 1432
    - path: glove_logs_nature_dvc_plots/specificity_at_sensitivity.json
      md5: b6936616148d8120d21ae07156db8556
      size: 1437
    - path: glove_logs_nature_dvc_plots/val_auc.json
      md5: b883df20752fbe8d46167107fe0e2f92
      size: 964
    - path: glove_logs_nature_dvc_plots/val_binary_accuracy.json
      md5: f47dc765030283451e5b9f003bfdde49
      size: 1258
    - path: glove_logs_nature_dvc_plots/val_cost_metric.json
      md5: bf2ee142121c9313a4bcf7fe97b30b49
      size: 1228
    - path: glove_logs_nature_dvc_plots/val_loss.json
      md5: 1a92aed7e60a2bcdd310394d57f5d765
      size: 987
    - path: glove_logs_nature_dvc_plots/val_precision.json
      md5: 365b990e1fd24bfd51337bd3d4d4deac
      size: 1114
    - path: glove_logs_nature_dvc_plots/val_precision_at_recall.json
      md5: eccd9fe5daa15863fa0c840c79f0d666
      size: 1359
    - path: glove_logs_nature_dvc_plots/val_recall.json
      md5: 25a2e2d9ec7da1c92a66a60ef4e0dcc4
      size: 1037
    - path: glove_logs_nature_dvc_plots/val_sensitivity_at_specificity.json
      md5: 874a3a7171ce5a43f5d20280622098aa
      size: 1536
    - path: glove_logs_nature_dvc_plots/val_specificity_at_sensitivity.json
      md5: 58bc665025a30a0cade5e04aa13ce33b
      size: 1536
    - path: metrics/glove/glove_metrics_nature.json
      md5: 515ce59ca4a70a4ccf33f221164260ae
      size: 265
  multi_plots:
    cmd: python src/multi_plots.py
    outs:
    - path: multi_plots/bert_logs_lemm_dvc_plots/binary_accuracy.csv
      md5: 019264233c55a2ca1ac137d7eb0c5796
      size: 283
    - path: multi_plots/bert_logs_lemm_dvc_plots/loss.csv
      md5: c480d13fb7fb2ec3f5334d018a3a9436
      size: 276
    - path: multi_plots/bert_logs_nature_dvc_plots/binary_accuracy.csv
      md5: b08a6715f71ce7a3397a0f850255235c
      size: 277
    - path: multi_plots/bert_logs_nature_dvc_plots/loss.csv
      md5: 99248585edd286eade3298a0178d5498
      size: 262
    - path: multi_plots/bert_logs_stem_dvc_plots/binary_accuracy.csv
      md5: 00451122e4aa8d58458c7a14582ff6a3
      size: 258
    - path: multi_plots/bert_logs_stem_dvc_plots/loss.csv
      md5: 2903abf0c2921ba330a7ea2d69df7162
      size: 259
    - path: multi_plots/glove_logs_lemm_dvc_plots/auc.csv
      md5: d324cdc2c4ae890324abbbfeaf47d599
      size: 1287
    - path: multi_plots/glove_logs_lemm_dvc_plots/binary_accuracy.csv
      md5: fdd3062c92447252013ac4e5add6c176
      size: 1279
    - path: multi_plots/glove_logs_lemm_dvc_plots/cost_metric.csv
      md5: a67b8dc9cf8a17b5442b9f640c089d2d
      size: 1321
    - path: multi_plots/glove_logs_lemm_dvc_plots/loss.csv
      md5: 1c8b78f4a67b7baa1f2082eb1ba9f58f
      size: 1302
    - path: multi_plots/glove_logs_lemm_dvc_plots/precision.csv
      md5: cd966f268485791d6f87a24ddb36f13c
      size: 1338
    - path: multi_plots/glove_logs_lemm_dvc_plots/precision_at_recall.csv
      md5: 93a684dce1220ec2ce85ff670b38fae0
      size: 1305
    - path: multi_plots/glove_logs_lemm_dvc_plots/recall.csv
      md5: adb46a8f0b2ca61aeb1715a9b0035c8e
      size: 1279
    - path: multi_plots/glove_logs_lemm_dvc_plots/sensitivity_at_specificity.csv
      md5: 7296787de908bde47b6e46dca314fbb1
      size: 1331
    - path: multi_plots/glove_logs_lemm_dvc_plots/specificity_at_sensitivity.csv
      md5: 607a5c8d2ea818784040769dd6cdc661
      size: 1335
    - path: multi_plots/glove_logs_nature_dvc_plots/auc.csv
      md5: 2635a335f911bda860a19c84bb6273ee
      size: 1284
    - path: multi_plots/glove_logs_nature_dvc_plots/binary_accuracy.csv
      md5: 81bc992e900819b3be0f6c6da4eac096
      size: 1292
    - path: multi_plots/glove_logs_nature_dvc_plots/cost_metric.csv
      md5: 99e26270f17e54d4d37899bfefe20883
      size: 1325
    - path: multi_plots/glove_logs_nature_dvc_plots/loss.csv
      md5: 093670456a0c3e1507d87613d3729cd1
      size: 1265
    - path: multi_plots/glove_logs_nature_dvc_plots/precision.csv
      md5: a3ea3296ee5a3dba66cae18f557e11dc
      size: 1285
    - path: multi_plots/glove_logs_nature_dvc_plots/precision_at_recall.csv
      md5: 6d1327a1bb0e31ba6437900caec85576
      size: 1299
    - path: multi_plots/glove_logs_nature_dvc_plots/recall.csv
      md5: c8eed8c5b3a9b5b13448afcbd4b1393e
      size: 1275
    - path: multi_plots/glove_logs_nature_dvc_plots/sensitivity_at_specificity.csv
      md5: 4443717d18c1d62404cd7e1f9ae0ad53
      size: 1291
    - path: multi_plots/glove_logs_nature_dvc_plots/specificity_at_sensitivity.csv
      md5: f710f31f5b624bbae43e20e886c4906e
      size: 1304
    - path: multi_plots/glove_logs_stem_dvc_plots/auc.csv
      md5: 28fbed16abd8780d5859ca5a782582fb
      size: 1278
    - path: multi_plots/glove_logs_stem_dvc_plots/binary_accuracy.csv
      md5: 0b474254c51a54606616d81b98d815b6
      size: 1292
    - path: multi_plots/glove_logs_stem_dvc_plots/cost_metric.csv
      md5: f4b24469ca2268096949b26fd08beaf6
      size: 1321
    - path: multi_plots/glove_logs_stem_dvc_plots/loss.csv
      md5: 19d29a49b1a612a9f2a39800137295e9
      size: 1299
    - path: multi_plots/glove_logs_stem_dvc_plots/precision.csv
      md5: e31e71971aca2c83bf7b71525e3cf50d
      size: 1272
    - path: multi_plots/glove_logs_stem_dvc_plots/precision_at_recall.csv
      md5: bb7d93c8b727077d91709816370ddbf2
      size: 1318
    - path: multi_plots/glove_logs_stem_dvc_plots/recall.csv
      md5: de0c708a33a4bd063b277a64f4a67117
      size: 1302
    - path: multi_plots/glove_logs_stem_dvc_plots/sensitivity_at_specificity.csv
      md5: 5e21e99f9a3f1c23474f969f78e58650
      size: 1301
    - path: multi_plots/glove_logs_stem_dvc_plots/specificity_at_sensitivity.csv
      md5: 1979842791be43ac5bf847963a3ddbad
      size: 1337
    - path: multi_plots/logs_lemm_dvc_plots/auc.csv
      md5: d134a3c2d5587adb42fbf124e645681c
      size: 1276
    - path: multi_plots/logs_lemm_dvc_plots/binary_accuracy.csv
      md5: 7a3ea91f2ca64b11ada1f3e4fb81bf46
      size: 1339
    - path: multi_plots/logs_lemm_dvc_plots/cost_metric.csv
      md5: 3b6c22072ff26e3401d485551a19978b
      size: 1295
    - path: multi_plots/logs_lemm_dvc_plots/loss.csv
      md5: 0e8222297227a64db0f841b02b62010b
      size: 1288
    - path: multi_plots/logs_lemm_dvc_plots/precision.csv
      md5: f8eda093da5da9bb07e956ffe1345264
      size: 1293
    - path: multi_plots/logs_lemm_dvc_plots/precision_at_recall.csv
      md5: 8d1b5706ec0138410ca271e84212caaa
      size: 1321
    - path: multi_plots/logs_lemm_dvc_plots/recall.csv
      md5: 5ac9642c3e206d964504be08d0d52dd0
      size: 1308
    - path: multi_plots/logs_lemm_dvc_plots/sensitivity_at_specificity.csv
      md5: 60b320ae4a35235d691fa840ad2d56fa
      size: 1332
    - path: multi_plots/logs_lemm_dvc_plots/specificity_at_sensitivity.csv
      md5: 9e0dd1ec4014494cc0fb8e0ac25247a9
      size: 1320
    - path: multi_plots/logs_nature_dvc_plots/auc.csv
      md5: ce45782191b94c2b8ea389381eb2a9ed
      size: 1285
    - path: multi_plots/logs_nature_dvc_plots/binary_accuracy.csv
      md5: 75701c0176dae9d7dcb5cc43646b922b
      size: 1302
    - path: multi_plots/logs_nature_dvc_plots/cost_metric.csv
      md5: b460e0d23ff056e5ad09fc0cd31baccf
      size: 1299
    - path: multi_plots/logs_nature_dvc_plots/loss.csv
      md5: 220301da7cad3603bcbaf0cbc3281660
      size: 1252
    - path: multi_plots/logs_nature_dvc_plots/precision.csv
      md5: b9d0c7abbf3e8453be652638d2c1ad72
      size: 1281
    - path: multi_plots/logs_nature_dvc_plots/precision_at_recall.csv
      md5: 9d494dacb982de546eb44e45adf17c3f
      size: 1300
    - path: multi_plots/logs_nature_dvc_plots/recall.csv
      md5: 714aa87fe6998b162a654177a3048916
      size: 1310
    - path: multi_plots/logs_nature_dvc_plots/sensitivity_at_specificity.csv
      md5: 55b75e13a034f398ed3aa8304c717f62
      size: 1348
    - path: multi_plots/logs_nature_dvc_plots/specificity_at_sensitivity.csv
      md5: 91f83149f4e85adace0de50ee15372b1
      size: 1324
    - path: multi_plots/logs_stem_dvc_plots/auc.csv
      md5: b48177c927efe810812d78a3cf69672c
      size: 1326
    - path: multi_plots/logs_stem_dvc_plots/binary_accuracy.csv
      md5: 6b0feeb85a94e98d0c0d9828f33d396c
      size: 1332
    - path: multi_plots/logs_stem_dvc_plots/cost_metric.csv
      md5: 2af1368b7419db35aa9067778bfcd818
      size: 1323
    - path: multi_plots/logs_stem_dvc_plots/loss.csv
      md5: b8ac88d538bf7574f65a0c706fa1a763
      size: 1263
    - path: multi_plots/logs_stem_dvc_plots/precision.csv
      md5: 01a64c3f0d24ecdbfcf9dda130ca41ca
      size: 1294
    - path: multi_plots/logs_stem_dvc_plots/precision_at_recall.csv
      md5: 9533ebb5a2e2870496dc8dfc35d0fea5
      size: 1315
    - path: multi_plots/logs_stem_dvc_plots/recall.csv
      md5: 30671c6a0faf951db6aa7202c5152379
      size: 1249
    - path: multi_plots/logs_stem_dvc_plots/sensitivity_at_specificity.csv
      md5: c7465bd739fdfb894af9f54f1e56e891
      size: 1350
    - path: multi_plots/logs_stem_dvc_plots/specificity_at_sensitivity.csv
      md5: 1a08599318d48e15fc2929493a8b4546
      size: 1326
    - path: multi_plots/lstm_logs_lemm_dvc_plots/auc.csv
      md5: 7aaf1f61d640177443a2c29c64ebcc75
      size: 1302
    - path: multi_plots/lstm_logs_lemm_dvc_plots/binary_accuracy.csv
      md5: 17cbf96c92b8e74b78bb68a9474adc19
      size: 1271
    - path: multi_plots/lstm_logs_lemm_dvc_plots/cost_metric.csv
      md5: d8548620296b700283520ad679efb4fc
      size: 1292
    - path: multi_plots/lstm_logs_lemm_dvc_plots/loss.csv
      md5: 2c915ff99d427f5029dcd0ee7ecaa3f0
      size: 1268
    - path: multi_plots/lstm_logs_lemm_dvc_plots/precision.csv
      md5: fa9b01b2d89644d6d7655d0dbdc5a6a3
      size: 1296
    - path: multi_plots/lstm_logs_lemm_dvc_plots/precision_at_recall.csv
      md5: 435d9993d23dd762af6daa3c51615098
      size: 1317
    - path: multi_plots/lstm_logs_lemm_dvc_plots/recall.csv
      md5: 97a35cae1752060e96f2a1052a3a39bf
      size: 1268
    - path: multi_plots/lstm_logs_lemm_dvc_plots/sensitivity_at_specificity.csv
      md5: 42c1c2f131fe111c2cf597a6efdec5ff
      size: 1317
    - path: multi_plots/lstm_logs_lemm_dvc_plots/specificity_at_sensitivity.csv
      md5: 25d224177ae30dbf4d4649db5a56c77f
      size: 1329
    - path: multi_plots/lstm_logs_nature_dvc_plots/auc.csv
      md5: bbb7c8a88fcda22a7785b9f6817044c2
      size: 1278
    - path: multi_plots/lstm_logs_nature_dvc_plots/binary_accuracy.csv
      md5: 5d4ee1f75e90e7b8c2efdfa5dfdd5c9e
      size: 1281
    - path: multi_plots/lstm_logs_nature_dvc_plots/cost_metric.csv
      md5: f4fc0065847f9c9623b0c955161443a3
      size: 1307
    - path: multi_plots/lstm_logs_nature_dvc_plots/loss.csv
      md5: d80e0a9449d01fcb3a8c7119bdbac609
      size: 1264
    - path: multi_plots/lstm_logs_nature_dvc_plots/precision.csv
      md5: 2cc6f56420c2de31b182bf342a1578b6
      size: 1288
    - path: multi_plots/lstm_logs_nature_dvc_plots/precision_at_recall.csv
      md5: 9fdac078568db4feefa0e6748d8e33ec
      size: 1324
    - path: multi_plots/lstm_logs_nature_dvc_plots/recall.csv
      md5: 0ece465748e8cfeb09cfbf4c9905a606
      size: 1320
    - path: multi_plots/lstm_logs_nature_dvc_plots/sensitivity_at_specificity.csv
      md5: 93a9b63358d2f5154d9e5b27efebc15c
      size: 1317
    - path: multi_plots/lstm_logs_nature_dvc_plots/specificity_at_sensitivity.csv
      md5: d26cde84f8a9c90d61572936c23f8a42
      size: 1339
    - path: multi_plots/lstm_logs_stem_dvc_plots/auc.csv
      md5: 99bd52a4930c129b68ad8b9f971607a8
      size: 1318
    - path: multi_plots/lstm_logs_stem_dvc_plots/binary_accuracy.csv
      md5: 5e7480dced8a40731426b0b5e08c8492
      size: 1293
    - path: multi_plots/lstm_logs_stem_dvc_plots/cost_metric.csv
      md5: 73247ed27b6e631075952737fad5d7a8
      size: 1289
    - path: multi_plots/lstm_logs_stem_dvc_plots/loss.csv
      md5: 1dd1dbab0937b9b5cb7cab6853de0610
      size: 1283
    - path: multi_plots/lstm_logs_stem_dvc_plots/precision.csv
      md5: d7082e2ff2d98032229af156fb8dbfd7
      size: 1327
    - path: multi_plots/lstm_logs_stem_dvc_plots/precision_at_recall.csv
      md5: 8ce982dd7e7d5ff6dc20c9a1a45585ef
      size: 1336
    - path: multi_plots/lstm_logs_stem_dvc_plots/recall.csv
      md5: c237d0a68469e526ae7afe4e79104595
      size: 1262
    - path: multi_plots/lstm_logs_stem_dvc_plots/sensitivity_at_specificity.csv
      md5: ecd18e6410c600cc51e832e982c454fd
      size: 1317
    - path: multi_plots/lstm_logs_stem_dvc_plots/specificity_at_sensitivity.csv
      md5: 1b32dbf92ec90a4a0804036b2c262c08
      size: 1343
    - path: multi_plots/w2v_logs_lemm_dvc_plots/auc.csv
      md5: b84a526d62577c6ea58c811989b382f2
      size: 157
    - path: multi_plots/w2v_logs_lemm_dvc_plots/binary_accuracy.csv
      md5: 691875a1fcc7f22cb297f868c7d87cde
      size: 181
    - path: multi_plots/w2v_logs_lemm_dvc_plots/cost_metric.csv
      md5: fd0e0f2704c04e6b6928bb4c61b2ac8c
      size: 182
    - path: multi_plots/w2v_logs_lemm_dvc_plots/loss.csv
      md5: f64f4a5d9990ff97b54f38940ece42e2
      size: 176
    - path: multi_plots/w2v_logs_lemm_dvc_plots/precision.csv
      md5: ad41c2d6d428fd6a578ad49a0aef0b00
      size: 175
    - path: multi_plots/w2v_logs_lemm_dvc_plots/precision_at_recall.csv
      md5: 4b7416a71adbbe09025fde8df378d77c
      size: 172
    - path: multi_plots/w2v_logs_lemm_dvc_plots/recall.csv
      md5: 6001e51f03b3ca62e8a19c71edf2ed08
      size: 172
    - path: multi_plots/w2v_logs_lemm_dvc_plots/sensitivity_at_specificity.csv
      md5: e9170f54cc10c863dbb53df138337185
      size: 180
    - path: multi_plots/w2v_logs_lemm_dvc_plots/specificity_at_sensitivity.csv
      md5: 0d138e51c7af7af06352ce26b7c4c6d6
      size: 180
    - path: multi_plots/w2v_logs_nature_dvc_plots/auc.csv
      md5: b0eb8df9bf9585b718beffcc5f38f48f
      size: 157
    - path: multi_plots/w2v_logs_nature_dvc_plots/binary_accuracy.csv
      md5: 643bc5d45f5559eb9f49a6103ef89703
      size: 169
    - path: multi_plots/w2v_logs_nature_dvc_plots/cost_metric.csv
      md5: 36f601f04a06cb3f17b12f6d79c9165a
      size: 182
    - path: multi_plots/w2v_logs_nature_dvc_plots/loss.csv
      md5: e3e235e3f326f8dd38c434430cff1ab4
      size: 163
    - path: multi_plots/w2v_logs_nature_dvc_plots/precision.csv
      md5: d98fb7504f012a3351e4cd82404624ed
      size: 162
    - path: multi_plots/w2v_logs_nature_dvc_plots/precision_at_recall.csv
      md5: 6541b90c0569a13d4b933387a23a1fb3
      size: 179
    - path: multi_plots/w2v_logs_nature_dvc_plots/recall.csv
      md5: a347057b8682f7bc2369093c3cd1f93e
      size: 160
    - path: multi_plots/w2v_logs_nature_dvc_plots/sensitivity_at_specificity.csv
      md5: 6df55ffa7155433b7b4b13d71cffed39
      size: 185
    - path: multi_plots/w2v_logs_nature_dvc_plots/specificity_at_sensitivity.csv
      md5: cefae5cecb84fadce7f5ea1ad720d3e3
      size: 185
    - path: multi_plots/w2v_logs_stem_dvc_plots/auc.csv
      md5: 51e8fac7ea94a25c33dbb0a0a51c3b0a
      size: 156
    - path: multi_plots/w2v_logs_stem_dvc_plots/binary_accuracy.csv
      md5: fa3aa3f60f1bf89eb1f7d9a75258422e
      size: 187
    - path: multi_plots/w2v_logs_stem_dvc_plots/cost_metric.csv
      md5: 95822d531b8350140c61be8782eb4506
      size: 183
    - path: multi_plots/w2v_logs_stem_dvc_plots/loss.csv
      md5: e80b7f33fda595ea88a04b1e15bc3be5
      size: 181
    - path: multi_plots/w2v_logs_stem_dvc_plots/precision.csv
      md5: 378346063ee5f0cf7b549185512733f6
      size: 181
    - path: multi_plots/w2v_logs_stem_dvc_plots/precision_at_recall.csv
      md5: c95c6e55fd4869380baa520844442726
      size: 171
    - path: multi_plots/w2v_logs_stem_dvc_plots/recall.csv
      md5: 952b2ba1e80274a3bb78239617384256
      size: 178
    - path: multi_plots/w2v_logs_stem_dvc_plots/sensitivity_at_specificity.csv
      md5: 245a3630501d5146971dee3af8f5beac
      size: 179
    - path: multi_plots/w2v_logs_stem_dvc_plots/specificity_at_sensitivity.csv
      md5: 0dc9d8f07379541aa19ac8e87308d6b7
      size: 179
    - path: multi_plots/w2v_lstm_logs_lemm_dvc_plots/auc.csv
      md5: 238e94545534ad9cd47665a28de2419d
      size: 1306
    - path: multi_plots/w2v_lstm_logs_lemm_dvc_plots/binary_accuracy.csv
      md5: eeeb13ae7c6e072f1a53759a5c33c0b7
      size: 1317
    - path: multi_plots/w2v_lstm_logs_lemm_dvc_plots/cost_metric.csv
      md5: 3fd2623943fde313ed91a40aa91c911a
      size: 1305
    - path: multi_plots/w2v_lstm_logs_lemm_dvc_plots/loss.csv
      md5: 2d948a1c6c759818f36d736b5d941795
      size: 1328
    - path: multi_plots/w2v_lstm_logs_lemm_dvc_plots/precision.csv
      md5: 475100a32b56591ba52e59e4dc368f53
      size: 1312
    - path: multi_plots/w2v_lstm_logs_lemm_dvc_plots/precision_at_recall.csv
      md5: 28e229e58474f58d2e812d6611a81fc8
      size: 1304
    - path: multi_plots/w2v_lstm_logs_lemm_dvc_plots/recall.csv
      md5: 19e8edc4838f18e4f2a9665f01379065
      size: 1315
    - path: multi_plots/w2v_lstm_logs_lemm_dvc_plots/sensitivity_at_specificity.csv
      md5: 3541122de312527457ef87b9780642ac
      size: 1342
    - path: multi_plots/w2v_lstm_logs_lemm_dvc_plots/specificity_at_sensitivity.csv
      md5: e0e5382fcfba46b5d641eaa5d39d4837
      size: 1342
    - path: multi_plots/w2v_lstm_logs_nature_dvc_plots/auc.csv
      md5: 12d6175211b1268f396818537ce5825b
      size: 1315
    - path: multi_plots/w2v_lstm_logs_nature_dvc_plots/binary_accuracy.csv
      md5: 24dc180daf30ec78399778d8c19c60f6
      size: 1302
    - path: multi_plots/w2v_lstm_logs_nature_dvc_plots/cost_metric.csv
      md5: 06a99820cfe7a6ca894329127614bd06
      size: 1305
    - path: multi_plots/w2v_lstm_logs_nature_dvc_plots/loss.csv
      md5: 6728ddd2d288013e730c1aaad45c4145
      size: 1278
    - path: multi_plots/w2v_lstm_logs_nature_dvc_plots/precision.csv
      md5: 157f6509929b6ec3e35bc44a1799dfa4
      size: 1296
    - path: multi_plots/w2v_lstm_logs_nature_dvc_plots/precision_at_recall.csv
      md5: 7aa979deef05c07721b4f586fb580d8b
      size: 1340
    - path: multi_plots/w2v_lstm_logs_nature_dvc_plots/recall.csv
      md5: f2da5634b9ab2ad3f13fe468de81f270
      size: 1293
    - path: multi_plots/w2v_lstm_logs_nature_dvc_plots/sensitivity_at_specificity.csv
      md5: efd9eabcecdb9791abb88a37065e2845
      size: 1329
    - path: multi_plots/w2v_lstm_logs_nature_dvc_plots/specificity_at_sensitivity.csv
      md5: 5cddecef6f54a0aad7d15d3480dec473
      size: 1329
    - path: multi_plots/w2v_lstm_logs_stem_dvc_plots/auc.csv
      md5: b1d800d923fd97c43955b47b1aa832ff
      size: 1276
    - path: multi_plots/w2v_lstm_logs_stem_dvc_plots/binary_accuracy.csv
      md5: c0a208eca07e12a23df3443dd41f0943
      size: 1288
    - path: multi_plots/w2v_lstm_logs_stem_dvc_plots/cost_metric.csv
      md5: 5b6116ab8e13419b37076889aed3afa2
      size: 1308
    - path: multi_plots/w2v_lstm_logs_stem_dvc_plots/loss.csv
      md5: f12048dab1198c64744e605323831b66
      size: 1272
    - path: multi_plots/w2v_lstm_logs_stem_dvc_plots/precision.csv
      md5: 31541689c0fdccf65705c3a54a6eb763
      size: 1276
    - path: multi_plots/w2v_lstm_logs_stem_dvc_plots/precision_at_recall.csv
      md5: 66fe1e66ba1f3066686b57407e493616
      size: 1248
    - path: multi_plots/w2v_lstm_logs_stem_dvc_plots/recall.csv
      md5: 2aca725c27e155748c689fe775516b59
      size: 1273
    - path: multi_plots/w2v_lstm_logs_stem_dvc_plots/sensitivity_at_specificity.csv
      md5: 77ab042c1e5cfbf368bd88ee593c47f0
      size: 1301
    - path: multi_plots/w2v_lstm_logs_stem_dvc_plots/specificity_at_sensitivity.csv
      md5: 06db059abe304c5b3cafa90bcb2d1b6a
      size: 1301
  keras_glove_lemm:
    cmd: python src/keras_glove.py --action lemm
    outs:
    - path: glove_logs_lemm_dvc_plots/auc.json
      md5: ae30a210146b0c781bd134d48f2c76fd
      size: 861
    - path: glove_logs_lemm_dvc_plots/binary_accuracy.json
      md5: 44bf22fdb933946bf8afb5d24676fe80
      size: 1164
    - path: glove_logs_lemm_dvc_plots/cost_metric.json
      md5: 3a8639afb20bb0e8f2fefb59103aa587
      size: 1114
    - path: glove_logs_lemm_dvc_plots/loss.json
      md5: ae480964f685ac037a454c50a00ed35d
      size: 889
    - path: glove_logs_lemm_dvc_plots/precision.json
      md5: 06ea0ce1594598817800f69f60550959
      size: 1011
    - path: glove_logs_lemm_dvc_plots/precision_at_recall.json
      md5: 3728826aa3f81857e304d394a135106f
      size: 1263
    - path: glove_logs_lemm_dvc_plots/recall.json
      md5: 362a457890d29d4f0ca02e1ef0345352
      size: 940
    - path: glove_logs_lemm_dvc_plots/sensitivity_at_specificity.json
      md5: 4cd89800de07d875581a28d0049c5609
      size: 1439
    - path: glove_logs_lemm_dvc_plots/specificity_at_sensitivity.json
      md5: 7aa3a41383e9759037d8e0b66272161c
      size: 1435
    - path: glove_logs_lemm_dvc_plots/val_auc.json
      md5: 7a9ca2845a1fc665427fbad44d8f1ea4
      size: 965
    - path: glove_logs_lemm_dvc_plots/val_binary_accuracy.json
      md5: 452d968b383c7dee9dc8e16f777db9f8
      size: 1263
    - path: glove_logs_lemm_dvc_plots/val_cost_metric.json
      md5: 1dfe80b01bcec4e0fb0a9e29706caa58
      size: 1222
    - path: glove_logs_lemm_dvc_plots/val_loss.json
      md5: f65a24c1d265851eab91aae404382568
      size: 988
    - path: glove_logs_lemm_dvc_plots/val_precision.json
      md5: cbc5ec20c8c50b93a4e826a5b71780b5
      size: 1114
    - path: glove_logs_lemm_dvc_plots/val_precision_at_recall.json
      md5: e23c880d591f68830223405124aa95c0
      size: 1363
    - path: glove_logs_lemm_dvc_plots/val_recall.json
      md5: ff0384c5c75667e0af86e9ee9b5d664e
      size: 1036
    - path: glove_logs_lemm_dvc_plots/val_sensitivity_at_specificity.json
      md5: de6130537295cd1e2f5055ce8bfb24fb
      size: 1540
    - path: glove_logs_lemm_dvc_plots/val_specificity_at_sensitivity.json
      md5: 706f0a44f9c33a7533972a4ef4f2043a
      size: 1538
    - path: metrics/glove/glove_metrics_lemm.json
      md5: 7874d57890864d7a53f2b6fd92c0bb2c
      size: 265
  keras_glove_stem:
    cmd: python src/keras_glove.py --action stem
    outs:
    - path: glove_logs_stem_dvc_plots/auc.json
      md5: ed943697b7cb0d168f769453a5d276b0
      size: 863
    - path: glove_logs_stem_dvc_plots/binary_accuracy.json
      md5: 27b2c047e144116a2840e7471f9e8679
      size: 1163
    - path: glove_logs_stem_dvc_plots/cost_metric.json
      md5: ec409efa1cb82f1d2bdbce6e8e633e71
      size: 1116
    - path: glove_logs_stem_dvc_plots/loss.json
      md5: 4783b9339d38ef73fc42efe54db27490
      size: 886
    - path: glove_logs_stem_dvc_plots/precision.json
      md5: fc1772b113556dccc30ba0201c3e7bc7
      size: 1014
    - path: glove_logs_stem_dvc_plots/precision_at_recall.json
      md5: fd6c1597e994f2543df0a504eb8c9bf6
      size: 1264
    - path: glove_logs_stem_dvc_plots/recall.json
      md5: 9d0b2ffb13873631b6974f2e78a50f21
      size: 939
    - path: glove_logs_stem_dvc_plots/sensitivity_at_specificity.json
      md5: 343fa8a249e238c3fc1ad0a4f5904c67
      size: 1439
    - path: glove_logs_stem_dvc_plots/specificity_at_sensitivity.json
      md5: 13957dc57b951c0b4dccda23864b46da
      size: 1439
    - path: glove_logs_stem_dvc_plots/val_auc.json
      md5: 4bfddddc97b113ddce53fbe6877ac1bc
      size: 962
    - path: glove_logs_stem_dvc_plots/val_binary_accuracy.json
      md5: 3f1f8e97b85b5fb2188829a18a2954e8
      size: 1261
    - path: glove_logs_stem_dvc_plots/val_cost_metric.json
      md5: f4d9fce7e65ffb99100c2a83ed1d0c7c
      size: 1220
    - path: glove_logs_stem_dvc_plots/val_loss.json
      md5: c708a819d4a965c41a57131b18a36a8a
      size: 987
    - path: glove_logs_stem_dvc_plots/val_precision.json
      md5: 2e66d527254ea20e5fbb7aeebab264fe
      size: 1115
    - path: glove_logs_stem_dvc_plots/val_precision_at_recall.json
      md5: 120038d7206f6af0e4fc478d7fe8befb
      size: 1363
    - path: glove_logs_stem_dvc_plots/val_recall.json
      md5: 296373bc49b627bc37b6180d2397d394
      size: 1036
    - path: glove_logs_stem_dvc_plots/val_sensitivity_at_specificity.json
      md5: 07f3e21f385a318bc67f379a4cd3b576
      size: 1539
    - path: glove_logs_stem_dvc_plots/val_specificity_at_sensitivity.json
      md5: 989dd7e1eacdb96ef393e4886e99ac03
      size: 1538
    - path: metrics/glove/glove_metrics_stem.json
      md5: 8a5480147a028e1ffcb1d0f11275c36e
      size: 264
